
Microsoft Visual Studio Solution File, Format Version 12.00
# Visual Studio Version 17
VisualStudioVersion = 17.1.32421.90
MinimumVisualStudioVersion = 10.0.40219.1
Project("{FAE04EC0-301F-11D3-BF4B-00C04F79EFBC}") = "TelegramBot", "TelegramBot\TelegramBot.csproj", "{83BD22D2-8F78-4C5C-B748-4C76F4E5709D}"
EndProject
Global
	GlobalSection(SolutionConfigurationPlatforms) = preSolution
		Debug|Any CPU = Debug|Any CPU
		Release|Any CPU = Release|Any CPU
	EndGlobalSection
	GlobalSection(ProjectConfigurationPlatforms) = postSolution
		{83BD22D2-8F78-4C5C-B748-4C76F4E5709D}.Debug|Any CPU.ActiveCfg = Debug|Any CPU
		{83BD22D2-8F78-4C5C-B748-4C76F4E5709D}.Debug|Any CPU.Build.0 = Debug|Any CPU
		{83BD22D2-8F78-4C5C-B748-4C76F4E5709D}.Release|Any CPU.ActiveCfg = Release|Any CPU
		{83BD22D2-8F78-4C5C-B748-4C76F4E5709D}.Release|Any CPU.Build.0 = Release|Any CPU
	EndGlobalSection
	GlobalSection(SolutionProperties) = preSolution
		HideSolutionNode = FALSE
	EndGlobalSection
	GlobalSection(ExtensibilityGlobals) = postSolution
		SolutionGuid = {358B456C-FD26-4EC8-9238-E662BBD9BB02}
	EndGlobalSection
EndGlobal
